
Microsoft Visual Studio Solution File, Format Version 12.00
# Visual Studio Version 16
VisualStudioVersion = 16.0.32106.194
MinimumVisualStudioVersion = 10.0.40219.1
Project("{FAE04EC0-301F-11D3-BF4B-00C04F79EFBC}") = "RegistroDePersona", "RegistroDePersona\RegistroDePersona.csproj", "{A37DDF4B-2372-4262-BE92-2F3D85C9981C}"
EndProject
Global
	GlobalSection(SolutionConfigurationPlatforms) = preSolution
		Debug|Any CPU = Debug|Any CPU
		Release|Any CPU = Release|Any CPU
	EndGlobalSection
	GlobalSection(ProjectConfigurationPlatforms) = postSolution
		{A37DDF4B-2372-4262-BE92-2F3D85C9981C}.Debug|Any CPU.ActiveCfg = Debug|Any CPU
		{A37DDF4B-2372-4262-BE92-2F3D85C9981C}.Debug|Any CPU.Build.0 = Debug|Any CPU
		{A37DDF4B-2372-4262-BE92-2F3D85C9981C}.Release|Any CPU.ActiveCfg = Release|Any CPU
		{A37DDF4B-2372-4262-BE92-2F3D85C9981C}.Release|Any CPU.Build.0 = Release|Any CPU
	EndGlobalSection
	GlobalSection(SolutionProperties) = preSolution
		HideSolutionNode = FALSE
	EndGlobalSection
	GlobalSection(ExtensibilityGlobals) = postSolution
		SolutionGuid = {31033991-0250-40A5-8C4D-FC1E7BF2D00B}
	EndGlobalSection
EndGlobal
