
Microsoft Visual Studio Solution File, Format Version 12.00
# Visual Studio Version 16
VisualStudioVersion = 16.0.31829.152
MinimumVisualStudioVersion = 10.0.40219.1
Project("{FAE04EC0-301F-11D3-BF4B-00C04F79EFBC}") = "PracticaConArreglos", "PracticaConArreglos\PracticaConArreglos.csproj", "{2485A2AE-922E-43D9-A75D-A4525A5D6DF0}"
EndProject
Global
	GlobalSection(SolutionConfigurationPlatforms) = preSolution
		Debug|Any CPU = Debug|Any CPU
		Release|Any CPU = Release|Any CPU
	EndGlobalSection
	GlobalSection(ProjectConfigurationPlatforms) = postSolution
		{2485A2AE-922E-43D9-A75D-A4525A5D6DF0}.Debug|Any CPU.ActiveCfg = Debug|Any CPU
		{2485A2AE-922E-43D9-A75D-A4525A5D6DF0}.Debug|Any CPU.Build.0 = Debug|Any CPU
		{2485A2AE-922E-43D9-A75D-A4525A5D6DF0}.Release|Any CPU.ActiveCfg = Release|Any CPU
		{2485A2AE-922E-43D9-A75D-A4525A5D6DF0}.Release|Any CPU.Build.0 = Release|Any CPU
	EndGlobalSection
	GlobalSection(SolutionProperties) = preSolution
		HideSolutionNode = FALSE
	EndGlobalSection
	GlobalSection(ExtensibilityGlobals) = postSolution
		SolutionGuid = {443B7037-F021-4978-9866-276A07BB0D25}
	EndGlobalSection
EndGlobal
