
Microsoft Visual Studio Solution File, Format Version 12.00
# Visual Studio Version 16
VisualStudioVersion = 16.0.31829.152
MinimumVisualStudioVersion = 10.0.40219.1
Project("{FAE04EC0-301F-11D3-BF4B-00C04F79EFBC}") = "Reporte", "Reporte\Reporte.csproj", "{D9C2526D-A51F-42C1-B808-49464700BE4A}"
EndProject
Global
	GlobalSection(SolutionConfigurationPlatforms) = preSolution
		Debug|Any CPU = Debug|Any CPU
		Release|Any CPU = Release|Any CPU
	EndGlobalSection
	GlobalSection(ProjectConfigurationPlatforms) = postSolution
		{D9C2526D-A51F-42C1-B808-49464700BE4A}.Debug|Any CPU.ActiveCfg = Debug|Any CPU
		{D9C2526D-A51F-42C1-B808-49464700BE4A}.Debug|Any CPU.Build.0 = Debug|Any CPU
		{D9C2526D-A51F-42C1-B808-49464700BE4A}.Release|Any CPU.ActiveCfg = Release|Any CPU
		{D9C2526D-A51F-42C1-B808-49464700BE4A}.Release|Any CPU.Build.0 = Release|Any CPU
	EndGlobalSection
	GlobalSection(SolutionProperties) = preSolution
		HideSolutionNode = FALSE
	EndGlobalSection
	GlobalSection(ExtensibilityGlobals) = postSolution
		SolutionGuid = {23772998-ED3B-4306-B15A-8B909C826EE2}
	EndGlobalSection
EndGlobal
